
Microsoft Visual Studio Solution File, Format Version 12.00
# Visual Studio Version 17
VisualStudioVersion = 17.5.33516.290
MinimumVisualStudioVersion = 10.0.40219.1
Project("{FAE04EC0-301F-11D3-BF4B-00C04F79EFBC}") = "220153695_Bosenga_LabEx3", "220153695_Bosenga_LabEx3.csproj", "{869982BD-0B5B-44CF-BC43-187757B64F18}"
EndProject
Project("{FAE04EC0-301F-11D3-BF4B-00C04F79EFBC}") = "BusinessLayerClass", "..\BusinessLayerClass\BusinessLayerClass.csproj", "{3DDF8347-4CE0-4FC6-B07B-6CBEA5B8ECDB}"
EndProject
Project("{FAE04EC0-301F-11D3-BF4B-00C04F79EFBC}") = "DataLayerClass", "..\DataLayerClass\DataLayerClass.csproj", "{97FE9A30-57DD-4977-9829-0E7FB7EE61CB}"
EndProject
Global
	GlobalSection(SolutionConfigurationPlatforms) = preSolution
		Debug|Any CPU = Debug|Any CPU
		Release|Any CPU = Release|Any CPU
	EndGlobalSection
	GlobalSection(ProjectConfigurationPlatforms) = postSolution
		{869982BD-0B5B-44CF-BC43-187757B64F18}.Debug|Any CPU.ActiveCfg = Debug|Any CPU
		{869982BD-0B5B-44CF-BC43-187757B64F18}.Debug|Any CPU.Build.0 = Debug|Any CPU
		{869982BD-0B5B-44CF-BC43-187757B64F18}.Release|Any CPU.ActiveCfg = Release|Any CPU
		{869982BD-0B5B-44CF-BC43-187757B64F18}.Release|Any CPU.Build.0 = Release|Any CPU
		{3DDF8347-4CE0-4FC6-B07B-6CBEA5B8ECDB}.Debug|Any CPU.ActiveCfg = Debug|Any CPU
		{3DDF8347-4CE0-4FC6-B07B-6CBEA5B8ECDB}.Debug|Any CPU.Build.0 = Debug|Any CPU
		{3DDF8347-4CE0-4FC6-B07B-6CBEA5B8ECDB}.Release|Any CPU.ActiveCfg = Release|Any CPU
		{3DDF8347-4CE0-4FC6-B07B-6CBEA5B8ECDB}.Release|Any CPU.Build.0 = Release|Any CPU
		{97FE9A30-57DD-4977-9829-0E7FB7EE61CB}.Debug|Any CPU.ActiveCfg = Debug|Any CPU
		{97FE9A30-57DD-4977-9829-0E7FB7EE61CB}.Debug|Any CPU.Build.0 = Debug|Any CPU
		{97FE9A30-57DD-4977-9829-0E7FB7EE61CB}.Release|Any CPU.ActiveCfg = Release|Any CPU
		{97FE9A30-57DD-4977-9829-0E7FB7EE61CB}.Release|Any CPU.Build.0 = Release|Any CPU
	EndGlobalSection
	GlobalSection(SolutionProperties) = preSolution
		HideSolutionNode = FALSE
	EndGlobalSection
	GlobalSection(ExtensibilityGlobals) = postSolution
		SolutionGuid = {AAEAAFB7-CCD5-4AA3-94BF-B5CC25519376}
	EndGlobalSection
EndGlobal
